// !$*UTF8*$!
{
	archiveVersion = 1;
	classes = {
	};
	objectVersion = 46;
	objects = {

/* Begin PBXBuildFile section */
		2716CE3C183BD0AC00BCFBC4 /* RUFriendInsertViewController.m in Sources */ = {isa = PBXBuildFile; fileRef = 2716CE3B183BD0AC00BCFBC4 /* RUFriendInsertViewController.m */; };
		2716CE3F183BD0BC00BCFBC4 /* RUBarInsertViewController.m in Sources */ = {isa = PBXBuildFile; fileRef = 2716CE3E183BD0BC00BCFBC4 /* RUBarInsertViewController.m */; };
		27421F5A17FDE57E00B38156 /* Foundation.framework in Frameworks */ = {isa = PBXBuildFile; fileRef = 27421F5917FDE57E00B38156 /* Foundation.framework */; };
		27421F5C17FDE57E00B38156 /* CoreGraphics.framework in Frameworks */ = {isa = PBXBuildFile; fileRef = 27421F5B17FDE57E00B38156 /* CoreGraphics.framework */; };
		27421F5E17FDE57E00B38156 /* UIKit.framework in Frameworks */ = {isa = PBXBuildFile; fileRef = 27421F5D17FDE57E00B38156 /* UIKit.framework */; };
		27421F6417FDE57E00B38156 /* InfoPlist.strings in Resources */ = {isa = PBXBuildFile; fileRef = 27421F6217FDE57E00B38156 /* InfoPlist.strings */; };
		27421F6617FDE57E00B38156 /* main.m in Sources */ = {isa = PBXBuildFile; fileRef = 27421F6517FDE57E00B38156 /* main.m */; };
		27421F6A17FDE57E00B38156 /* RUAppDelegate.m in Sources */ = {isa = PBXBuildFile; fileRef = 27421F6917FDE57E00B38156 /* RUAppDelegate.m */; };
		27421F6C17FDE57E00B38156 /* Images.xcassets in Resources */ = {isa = PBXBuildFile; fileRef = 27421F6B17FDE57E00B38156 /* Images.xcassets */; };
		27421F7317FDE57E00B38156 /* XCTest.framework in Frameworks */ = {isa = PBXBuildFile; fileRef = 27421F7217FDE57E00B38156 /* XCTest.framework */; };
		27421F7417FDE57E00B38156 /* Foundation.framework in Frameworks */ = {isa = PBXBuildFile; fileRef = 27421F5917FDE57E00B38156 /* Foundation.framework */; };
		27421F7517FDE57E00B38156 /* UIKit.framework in Frameworks */ = {isa = PBXBuildFile; fileRef = 27421F5D17FDE57E00B38156 /* UIKit.framework */; };
		27421F7D17FDE57F00B38156 /* InfoPlist.strings in Resources */ = {isa = PBXBuildFile; fileRef = 27421F7B17FDE57F00B38156 /* InfoPlist.strings */; };
		27421F7F17FDE57F00B38156 /* Drink_ioTests.m in Sources */ = {isa = PBXBuildFile; fileRef = 27421F7E17FDE57F00B38156 /* Drink_ioTests.m */; };
		2742868218410ADB0014CB46 /* RUPatternsViewController.m in Sources */ = {isa = PBXBuildFile; fileRef = 2742868118410ADB0014CB46 /* RUPatternsViewController.m */; };
		2742868518410C5F0014CB46 /* RUBarPatternViewController.m in Sources */ = {isa = PBXBuildFile; fileRef = 2742868418410C5F0014CB46 /* RUBarPatternViewController.m */; };
		2742868818410C6F0014CB46 /* RUBeerPatternViewController.m in Sources */ = {isa = PBXBuildFile; fileRef = 2742868718410C6F0014CB46 /* RUBeerPatternViewController.m */; };
		2742868B18410C810014CB46 /* RUPatternDetailViewController.m in Sources */ = {isa = PBXBuildFile; fileRef = 2742868A18410C810014CB46 /* RUPatternDetailViewController.m */; };
		2742868E18410C980014CB46 /* RUFriendPatternViewController.m in Sources */ = {isa = PBXBuildFile; fileRef = 2742868D18410C980014CB46 /* RUFriendPatternViewController.m */; };
		274900CA183D51C700846E74 /* FMDatabase.m in Sources */ = {isa = PBXBuildFile; fileRef = 274900C0183D51C700846E74 /* FMDatabase.m */; };
		274900CB183D51C700846E74 /* FMDatabaseAdditions.m in Sources */ = {isa = PBXBuildFile; fileRef = 274900C2183D51C700846E74 /* FMDatabaseAdditions.m */; };
		274900CC183D51C700846E74 /* FMDatabasePool.m in Sources */ = {isa = PBXBuildFile; fileRef = 274900C4183D51C700846E74 /* FMDatabasePool.m */; };
		274900CD183D51C700846E74 /* FMDatabaseQueue.m in Sources */ = {isa = PBXBuildFile; fileRef = 274900C6183D51C700846E74 /* FMDatabaseQueue.m */; };
		274900CF183D51C700846E74 /* FMResultSet.m in Sources */ = {isa = PBXBuildFile; fileRef = 274900C9183D51C700846E74 /* FMResultSet.m */; };
		274900D2183D526100846E74 /* RUDBManager.m in Sources */ = {isa = PBXBuildFile; fileRef = 274900D1183D526100846E74 /* RUDBManager.m */; };
		2786D1BF18395C3E009E8F92 /* RUDWFRootViewController.m in Sources */ = {isa = PBXBuildFile; fileRef = 2786D1BE18395C3E009E8F92 /* RUDWFRootViewController.m */; };
		278E3CE8183F189B00E70764 /* RUBarDetailViewController.m in Sources */ = {isa = PBXBuildFile; fileRef = 278E3CE7183F189B00E70764 /* RUBarDetailViewController.m */; };
		27A974C0183DA8E7009F1086 /* RUFriend.m in Sources */ = {isa = PBXBuildFile; fileRef = 27A974BF183DA8E7009F1086 /* RUFriend.m */; };
		27A974C4183E6036009F1086 /* RUBeer.m in Sources */ = {isa = PBXBuildFile; fileRef = 27A974C3183E6036009F1086 /* RUBeer.m */; };
		27A974C8183E632D009F1086 /* RUBeerInsertController.m in Sources */ = {isa = PBXBuildFile; fileRef = 27A974C7183E632D009F1086 /* RUBeerInsertController.m */; };
		27A974CB183EE2C4009F1086 /* RUBar.m in Sources */ = {isa = PBXBuildFile; fileRef = 27A974CA183EE2C4009F1086 /* RUBar.m */; };
		27AFC843183AD6980042FB97 /* RUDrinkWithViewController.m in Sources */ = {isa = PBXBuildFile; fileRef = 27AFC842183AD6980042FB97 /* RUDrinkWithViewController.m */; };
		27AFC848183AE5A40042FB97 /* libsqlite3.dylib in Frameworks */ = {isa = PBXBuildFile; fileRef = 27AFC847183AE5A40042FB97 /* libsqlite3.dylib */; };
		27AFC84B183AE7510042FB97 /* RUDrinkAtViewController.m in Sources */ = {isa = PBXBuildFile; fileRef = 27AFC84A183AE7510042FB97 /* RUDrinkAtViewController.m */; };
		27AFC84F183B0B7D0042FB97 /* default.gpx in Resources */ = {isa = PBXBuildFile; fileRef = 27AFC84E183B0B7D0042FB97 /* default.gpx */; };
		27AFC852183B138D0042FB97 /* RUDrinkNowViewController.m in Sources */ = {isa = PBXBuildFile; fileRef = 27AFC851183B138D0042FB97 /* RUDrinkNowViewController.m */; };
		27AFC85A183B1CC10042FB97 /* initializeDB.txt in Resources */ = {isa = PBXBuildFile; fileRef = 27AFC859183B1CC10042FB97 /* initializeDB.txt */; };
		27C36D92183FAB1C00119480 /* RUFriendDetailViewController.m in Sources */ = {isa = PBXBuildFile; fileRef = 27C36D91183FAB1C00119480 /* RUFriendDetailViewController.m */; };
		27DECA9C18200699004CDF52 /* Storyboard.storyboard in Resources */ = {isa = PBXBuildFile; fileRef = 27DECA9B18200699004CDF52 /* Storyboard.storyboard */; };
/* End PBXBuildFile section */

/* Begin PBXContainerItemProxy section */
		27421F7617FDE57E00B38156 /* PBXContainerItemProxy */ = {
			isa = PBXContainerItemProxy;
			containerPortal = 27421F4E17FDE57E00B38156 /* Project object */;
			proxyType = 1;
			remoteGlobalIDString = 27421F5517FDE57E00B38156;
			remoteInfo = Drink.io;
		};
/* End PBXContainerItemProxy section */

/* Begin PBXFileReference section */
		2716CE3A183BD0AC00BCFBC4 /* RUFriendInsertViewController.h */ = {isa = PBXFileReference; fileEncoding = 4; lastKnownFileType = sourcecode.c.h; path = RUFriendInsertViewController.h; sourceTree = "<group>"; };
		2716CE3B183BD0AC00BCFBC4 /* RUFriendInsertViewController.m */ = {isa = PBXFileReference; fileEncoding = 4; lastKnownFileType = sourcecode.c.objc; path = RUFriendInsertViewController.m; sourceTree = "<group>"; };
		2716CE3D183BD0BC00BCFBC4 /* RUBarInsertViewController.h */ = {isa = PBXFileReference; fileEncoding = 4; lastKnownFileType = sourcecode.c.h; path = RUBarInsertViewController.h; sourceTree = "<group>"; };
		2716CE3E183BD0BC00BCFBC4 /* RUBarInsertViewController.m */ = {isa = PBXFileReference; fileEncoding = 4; lastKnownFileType = sourcecode.c.objc; path = RUBarInsertViewController.m; sourceTree = "<group>"; };
		27421F5617FDE57E00B38156 /* Drink.io.app */ = {isa = PBXFileReference; explicitFileType = wrapper.application; includeInIndex = 0; path = Drink.io.app; sourceTree = BUILT_PRODUCTS_DIR; };
		27421F5917FDE57E00B38156 /* Foundation.framework */ = {isa = PBXFileReference; lastKnownFileType = wrapper.framework; name = Foundation.framework; path = System/Library/Frameworks/Foundation.framework; sourceTree = SDKROOT; };
		27421F5B17FDE57E00B38156 /* CoreGraphics.framework */ = {isa = PBXFileReference; lastKnownFileType = wrapper.framework; name = CoreGraphics.framework; path = System/Library/Frameworks/CoreGraphics.framework; sourceTree = SDKROOT; };
		27421F5D17FDE57E00B38156 /* UIKit.framework */ = {isa = PBXFileReference; lastKnownFileType = wrapper.framework; name = UIKit.framework; path = System/Library/Frameworks/UIKit.framework; sourceTree = SDKROOT; };
		27421F6117FDE57E00B38156 /* Drink.io-Info.plist */ = {isa = PBXFileReference; lastKnownFileType = text.plist.xml; path = "Drink.io-Info.plist"; sourceTree = "<group>"; };
		27421F6317FDE57E00B38156 /* en */ = {isa = PBXFileReference; lastKnownFileType = text.plist.strings; name = en; path = en.lproj/InfoPlist.strings; sourceTree = "<group>"; };
		27421F6517FDE57E00B38156 /* main.m */ = {isa = PBXFileReference; lastKnownFileType = sourcecode.c.objc; path = main.m; sourceTree = "<group>"; };
		27421F6717FDE57E00B38156 /* Drink.io-Prefix.pch */ = {isa = PBXFileReference; lastKnownFileType = sourcecode.c.h; path = "Drink.io-Prefix.pch"; sourceTree = "<group>"; };
		27421F6817FDE57E00B38156 /* RUAppDelegate.h */ = {isa = PBXFileReference; lastKnownFileType = sourcecode.c.h; path = RUAppDelegate.h; sourceTree = "<group>"; };
		27421F6917FDE57E00B38156 /* RUAppDelegate.m */ = {isa = PBXFileReference; lastKnownFileType = sourcecode.c.objc; path = RUAppDelegate.m; sourceTree = "<group>"; };
		27421F6B17FDE57E00B38156 /* Images.xcassets */ = {isa = PBXFileReference; lastKnownFileType = folder.assetcatalog; path = Images.xcassets; sourceTree = "<group>"; };
		27421F7117FDE57E00B38156 /* Drink.ioTests.xctest */ = {isa = PBXFileReference; explicitFileType = wrapper.cfbundle; includeInIndex = 0; path = Drink.ioTests.xctest; sourceTree = BUILT_PRODUCTS_DIR; };
		27421F7217FDE57E00B38156 /* XCTest.framework */ = {isa = PBXFileReference; lastKnownFileType = wrapper.framework; name = XCTest.framework; path = Library/Frameworks/XCTest.framework; sourceTree = DEVELOPER_DIR; };
		27421F7A17FDE57E00B38156 /* Drink.ioTests-Info.plist */ = {isa = PBXFileReference; lastKnownFileType = text.plist.xml; path = "Drink.ioTests-Info.plist"; sourceTree = "<group>"; };
		27421F7C17FDE57F00B38156 /* en */ = {isa = PBXFileReference; lastKnownFileType = text.plist.strings; name = en; path = en.lproj/InfoPlist.strings; sourceTree = "<group>"; };
		27421F7E17FDE57F00B38156 /* Drink_ioTests.m */ = {isa = PBXFileReference; lastKnownFileType = sourcecode.c.objc; path = Drink_ioTests.m; sourceTree = "<group>"; };
		2742868018410ADB0014CB46 /* RUPatternsViewController.h */ = {isa = PBXFileReference; fileEncoding = 4; lastKnownFileType = sourcecode.c.h; path = RUPatternsViewController.h; sourceTree = "<group>"; };
		2742868118410ADB0014CB46 /* RUPatternsViewController.m */ = {isa = PBXFileReference; fileEncoding = 4; lastKnownFileType = sourcecode.c.objc; path = RUPatternsViewController.m; sourceTree = "<group>"; };
		2742868318410C5F0014CB46 /* RUBarPatternViewController.h */ = {isa = PBXFileReference; fileEncoding = 4; lastKnownFileType = sourcecode.c.h; path = RUBarPatternViewController.h; sourceTree = "<group>"; };
		2742868418410C5F0014CB46 /* RUBarPatternViewController.m */ = {isa = PBXFileReference; fileEncoding = 4; lastKnownFileType = sourcecode.c.objc; path = RUBarPatternViewController.m; sourceTree = "<group>"; };
		2742868618410C6F0014CB46 /* RUBeerPatternViewController.h */ = {isa = PBXFileReference; fileEncoding = 4; lastKnownFileType = sourcecode.c.h; path = RUBeerPatternViewController.h; sourceTree = "<group>"; };
		2742868718410C6F0014CB46 /* RUBeerPatternViewController.m */ = {isa = PBXFileReference; fileEncoding = 4; lastKnownFileType = sourcecode.c.objc; path = RUBeerPatternViewController.m; sourceTree = "<group>"; };
		2742868918410C810014CB46 /* RUPatternDetailViewController.h */ = {isa = PBXFileReference; fileEncoding = 4; lastKnownFileType = sourcecode.c.h; path = RUPatternDetailViewController.h; sourceTree = "<group>"; };
		2742868A18410C810014CB46 /* RUPatternDetailViewController.m */ = {isa = PBXFileReference; fileEncoding = 4; lastKnownFileType = sourcecode.c.objc; path = RUPatternDetailViewController.m; sourceTree = "<group>"; };
		2742868C18410C980014CB46 /* RUFriendPatternViewController.h */ = {isa = PBXFileReference; fileEncoding = 4; lastKnownFileType = sourcecode.c.h; path = RUFriendPatternViewController.h; sourceTree = "<group>"; };
		2742868D18410C980014CB46 /* RUFriendPatternViewController.m */ = {isa = PBXFileReference; fileEncoding = 4; lastKnownFileType = sourcecode.c.objc; path = RUFriendPatternViewController.m; sourceTree = "<group>"; };
		274900BF183D51C700846E74 /* FMDatabase.h */ = {isa = PBXFileReference; fileEncoding = 4; lastKnownFileType = sourcecode.c.h; path = FMDatabase.h; sourceTree = "<group>"; };
		274900C0183D51C700846E74 /* FMDatabase.m */ = {isa = PBXFileReference; fileEncoding = 4; lastKnownFileType = sourcecode.c.objc; path = FMDatabase.m; sourceTree = "<group>"; };
		274900C1183D51C700846E74 /* FMDatabaseAdditions.h */ = {isa = PBXFileReference; fileEncoding = 4; lastKnownFileType = sourcecode.c.h; path = FMDatabaseAdditions.h; sourceTree = "<group>"; };
		274900C2183D51C700846E74 /* FMDatabaseAdditions.m */ = {isa = PBXFileReference; fileEncoding = 4; lastKnownFileType = sourcecode.c.objc; path = FMDatabaseAdditions.m; sourceTree = "<group>"; };
		274900C3183D51C700846E74 /* FMDatabasePool.h */ = {isa = PBXFileReference; fileEncoding = 4; lastKnownFileType = sourcecode.c.h; path = FMDatabasePool.h; sourceTree = "<group>"; };
		274900C4183D51C700846E74 /* FMDatabasePool.m */ = {isa = PBXFileReference; fileEncoding = 4; lastKnownFileType = sourcecode.c.objc; path = FMDatabasePool.m; sourceTree = "<group>"; };
		274900C5183D51C700846E74 /* FMDatabaseQueue.h */ = {isa = PBXFileReference; fileEncoding = 4; lastKnownFileType = sourcecode.c.h; path = FMDatabaseQueue.h; sourceTree = "<group>"; };
		274900C6183D51C700846E74 /* FMDatabaseQueue.m */ = {isa = PBXFileReference; fileEncoding = 4; lastKnownFileType = sourcecode.c.objc; path = FMDatabaseQueue.m; sourceTree = "<group>"; };
		274900C8183D51C700846E74 /* FMResultSet.h */ = {isa = PBXFileReference; fileEncoding = 4; lastKnownFileType = sourcecode.c.h; path = FMResultSet.h; sourceTree = "<group>"; };
		274900C9183D51C700846E74 /* FMResultSet.m */ = {isa = PBXFileReference; fileEncoding = 4; lastKnownFileType = sourcecode.c.objc; path = FMResultSet.m; sourceTree = "<group>"; };
		274900D0183D526100846E74 /* RUDBManager.h */ = {isa = PBXFileReference; fileEncoding = 4; lastKnownFileType = sourcecode.c.h; path = RUDBManager.h; sourceTree = "<group>"; };
		274900D1183D526100846E74 /* RUDBManager.m */ = {isa = PBXFileReference; fileEncoding = 4; lastKnownFileType = sourcecode.c.objc; path = RUDBManager.m; sourceTree = "<group>"; };
		2786D1BD18395C3E009E8F92 /* RUDWFRootViewController.h */ = {isa = PBXFileReference; fileEncoding = 4; lastKnownFileType = sourcecode.c.h; path = RUDWFRootViewController.h; sourceTree = "<group>"; };
		2786D1BE18395C3E009E8F92 /* RUDWFRootViewController.m */ = {isa = PBXFileReference; fileEncoding = 4; lastKnownFileType = sourcecode.c.objc; path = RUDWFRootViewController.m; sourceTree = "<group>"; };
		278E3CE6183F189B00E70764 /* RUBarDetailViewController.h */ = {isa = PBXFileReference; fileEncoding = 4; lastKnownFileType = sourcecode.c.h; path = RUBarDetailViewController.h; sourceTree = "<group>"; };
		278E3CE7183F189B00E70764 /* RUBarDetailViewController.m */ = {isa = PBXFileReference; fileEncoding = 4; lastKnownFileType = sourcecode.c.objc; path = RUBarDetailViewController.m; sourceTree = "<group>"; };
		27A974BE183DA8E7009F1086 /* RUFriend.h */ = {isa = PBXFileReference; fileEncoding = 4; lastKnownFileType = sourcecode.c.h; path = RUFriend.h; sourceTree = "<group>"; };
		27A974BF183DA8E7009F1086 /* RUFriend.m */ = {isa = PBXFileReference; fileEncoding = 4; lastKnownFileType = sourcecode.c.objc; path = RUFriend.m; sourceTree = "<group>"; };
		27A974C2183E6036009F1086 /* RUBeer.h */ = {isa = PBXFileReference; fileEncoding = 4; lastKnownFileType = sourcecode.c.h; path = RUBeer.h; sourceTree = "<group>"; };
		27A974C3183E6036009F1086 /* RUBeer.m */ = {isa = PBXFileReference; fileEncoding = 4; lastKnownFileType = sourcecode.c.objc; path = RUBeer.m; sourceTree = "<group>"; };
		27A974C6183E632D009F1086 /* RUBeerInsertController.h */ = {isa = PBXFileReference; fileEncoding = 4; lastKnownFileType = sourcecode.c.h; path = RUBeerInsertController.h; sourceTree = "<group>"; };
		27A974C7183E632D009F1086 /* RUBeerInsertController.m */ = {isa = PBXFileReference; fileEncoding = 4; lastKnownFileType = sourcecode.c.objc; path = RUBeerInsertController.m; sourceTree = "<group>"; };
		27A974C9183EE2C4009F1086 /* RUBar.h */ = {isa = PBXFileReference; fileEncoding = 4; lastKnownFileType = sourcecode.c.h; path = RUBar.h; sourceTree = "<group>"; };
		27A974CA183EE2C4009F1086 /* RUBar.m */ = {isa = PBXFileReference; fileEncoding = 4; lastKnownFileType = sourcecode.c.objc; path = RUBar.m; sourceTree = "<group>"; };
		27AFC841183AD6980042FB97 /* RUDrinkWithViewController.h */ = {isa = PBXFileReference; fileEncoding = 4; lastKnownFileType = sourcecode.c.h; path = RUDrinkWithViewController.h; sourceTree = "<group>"; };
		27AFC842183AD6980042FB97 /* RUDrinkWithViewController.m */ = {isa = PBXFileReference; fileEncoding = 4; lastKnownFileType = sourcecode.c.objc; path = RUDrinkWithViewController.m; sourceTree = "<group>"; };
		27AFC847183AE5A40042FB97 /* libsqlite3.dylib */ = {isa = PBXFileReference; lastKnownFileType = "compiled.mach-o.dylib"; name = libsqlite3.dylib; path = usr/lib/libsqlite3.dylib; sourceTree = SDKROOT; };
		27AFC849183AE7510042FB97 /* RUDrinkAtViewController.h */ = {isa = PBXFileReference; fileEncoding = 4; lastKnownFileType = sourcecode.c.h; path = RUDrinkAtViewController.h; sourceTree = "<group>"; };
		27AFC84A183AE7510042FB97 /* RUDrinkAtViewController.m */ = {isa = PBXFileReference; fileEncoding = 4; lastKnownFileType = sourcecode.c.objc; path = RUDrinkAtViewController.m; sourceTree = "<group>"; };
		27AFC84E183B0B7D0042FB97 /* default.gpx */ = {isa = PBXFileReference; fileEncoding = 4; lastKnownFileType = text.xml; name = default.gpx; path = ../default.gpx; sourceTree = "<group>"; };
		27AFC850183B138D0042FB97 /* RUDrinkNowViewController.h */ = {isa = PBXFileReference; fileEncoding = 4; lastKnownFileType = sourcecode.c.h; path = RUDrinkNowViewController.h; sourceTree = "<group>"; };
		27AFC851183B138D0042FB97 /* RUDrinkNowViewController.m */ = {isa = PBXFileReference; fileEncoding = 4; lastKnownFileType = sourcecode.c.objc; path = RUDrinkNowViewController.m; sourceTree = "<group>"; };
		27AFC859183B1CC10042FB97 /* initializeDB.txt */ = {isa = PBXFileReference; fileEncoding = 4; lastKnownFileType = text; path = initializeDB.txt; sourceTree = "<group>"; };
		27C36D90183FAB1C00119480 /* RUFriendDetailViewController.h */ = {isa = PBXFileReference; fileEncoding = 4; lastKnownFileType = sourcecode.c.h; path = RUFriendDetailViewController.h; sourceTree = "<group>"; };
		27C36D91183FAB1C00119480 /* RUFriendDetailViewController.m */ = {isa = PBXFileReference; fileEncoding = 4; lastKnownFileType = sourcecode.c.objc; path = RUFriendDetailViewController.m; sourceTree = "<group>"; };
		27DECA9B18200699004CDF52 /* Storyboard.storyboard */ = {isa = PBXFileReference; fileEncoding = 4; lastKnownFileType = file.storyboard; path = Storyboard.storyboard; sourceTree = "<group>"; };
/* End PBXFileReference section */

/* Begin PBXFrameworksBuildPhase section */
		27421F5317FDE57E00B38156 /* Frameworks */ = {
			isa = PBXFrameworksBuildPhase;
			buildActionMask = 2147483647;
			files = (
				27AFC848183AE5A40042FB97 /* libsqlite3.dylib in Frameworks */,
				27421F5C17FDE57E00B38156 /* CoreGraphics.framework in Frameworks */,
				27421F5E17FDE57E00B38156 /* UIKit.framework in Frameworks */,
				27421F5A17FDE57E00B38156 /* Foundation.framework in Frameworks */,
			);
			runOnlyForDeploymentPostprocessing = 0;
		};
		27421F6E17FDE57E00B38156 /* Frameworks */ = {
			isa = PBXFrameworksBuildPhase;
			buildActionMask = 2147483647;
			files = (
				27421F7317FDE57E00B38156 /* XCTest.framework in Frameworks */,
				27421F7517FDE57E00B38156 /* UIKit.framework in Frameworks */,
				27421F7417FDE57E00B38156 /* Foundation.framework in Frameworks */,
			);
			runOnlyForDeploymentPostprocessing = 0;
		};
/* End PBXFrameworksBuildPhase section */

/* Begin PBXGroup section */
		2716CE39183BD08100BCFBC4 /* Best Friends View */ = {
			isa = PBXGroup;
			children = (
				2716CE3A183BD0AC00BCFBC4 /* RUFriendInsertViewController.h */,
				2716CE3B183BD0AC00BCFBC4 /* RUFriendInsertViewController.m */,
				27C36D90183FAB1C00119480 /* RUFriendDetailViewController.h */,
				27C36D91183FAB1C00119480 /* RUFriendDetailViewController.m */,
			);
			name = "Best Friends View";
			sourceTree = "<group>";
		};
		2716CE40183BD0C000BCFBC4 /* Favorite Bars */ = {
			isa = PBXGroup;
			children = (
				2716CE3D183BD0BC00BCFBC4 /* RUBarInsertViewController.h */,
				2716CE3E183BD0BC00BCFBC4 /* RUBarInsertViewController.m */,
				278E3CE6183F189B00E70764 /* RUBarDetailViewController.h */,
				278E3CE7183F189B00E70764 /* RUBarDetailViewController.m */,
			);
			name = "Favorite Bars";
			sourceTree = "<group>";
		};
		2716CE41183BD0CF00BCFBC4 /* Preferences and Input */ = {
			isa = PBXGroup;
			children = (
				27A974C5183E6316009F1086 /* Beers */,
				2716CE40183BD0C000BCFBC4 /* Favorite Bars */,
				2716CE39183BD08100BCFBC4 /* Best Friends View */,
			);
			name = "Preferences and Input";
			sourceTree = "<group>";
		};
		2716CE42183BD0E700BCFBC4 /* Drink!  */ = {
			isa = PBXGroup;
			children = (
				27AFC856183B13C30042FB97 /* End View */,
				27AFC857183B13D50042FB97 /* First View */,
				27AFC855183B13AE0042FB97 /* Friends View */,
				27AFC853183B13970042FB97 /* Local Bars View */,
			);
			name = "Drink! ";
			sourceTree = "<group>";
		};
		27421F4D17FDE57E00B38156 = {
			isa = PBXGroup;
			children = (
				27421F5F17FDE57E00B38156 /* Drink.io */,
				27421F7817FDE57E00B38156 /* Drink.ioTests */,
				27421F5817FDE57E00B38156 /* Frameworks */,
				27421F5717FDE57E00B38156 /* Products */,
			);
			sourceTree = "<group>";
		};
		27421F5717FDE57E00B38156 /* Products */ = {
			isa = PBXGroup;
			children = (
				27421F5617FDE57E00B38156 /* Drink.io.app */,
				27421F7117FDE57E00B38156 /* Drink.ioTests.xctest */,
			);
			name = Products;
			sourceTree = "<group>";
		};
		27421F5817FDE57E00B38156 /* Frameworks */ = {
			isa = PBXGroup;
			children = (
				27AFC847183AE5A40042FB97 /* libsqlite3.dylib */,
				27421F5917FDE57E00B38156 /* Foundation.framework */,
				27421F5B17FDE57E00B38156 /* CoreGraphics.framework */,
				27421F5D17FDE57E00B38156 /* UIKit.framework */,
				27421F7217FDE57E00B38156 /* XCTest.framework */,
			);
			name = Frameworks;
			sourceTree = "<group>";
		};
		27421F5F17FDE57E00B38156 /* Drink.io */ = {
			isa = PBXGroup;
			children = (
				2742867F184109660014CB46 /* Patterns */,
				27A974BD183DA8D4009F1086 /* Structures */,
				2716CE41183BD0CF00BCFBC4 /* Preferences and Input */,
				27AFC858183B13DE0042FB97 /* Database Stuff */,
				2716CE42183BD0E700BCFBC4 /* Drink!  */,
				27421F6B17FDE57E00B38156 /* Images.xcassets */,
				27421F6817FDE57E00B38156 /* RUAppDelegate.h */,
				27421F6917FDE57E00B38156 /* RUAppDelegate.m */,
				27DECA9B18200699004CDF52 /* Storyboard.storyboard */,
				27421F6017FDE57E00B38156 /* Supporting Files */,
			);
			path = Drink.io;
			sourceTree = "<group>";
		};
		27421F6017FDE57E00B38156 /* Supporting Files */ = {
			isa = PBXGroup;
			children = (
				27421F6117FDE57E00B38156 /* Drink.io-Info.plist */,
				27421F6217FDE57E00B38156 /* InfoPlist.strings */,
				27421F6517FDE57E00B38156 /* main.m */,
				27421F6717FDE57E00B38156 /* Drink.io-Prefix.pch */,
			);
			name = "Supporting Files";
			sourceTree = "<group>";
		};
		27421F7817FDE57E00B38156 /* Drink.ioTests */ = {
			isa = PBXGroup;
			children = (
				27421F7E17FDE57F00B38156 /* Drink_ioTests.m */,
				27421F7917FDE57E00B38156 /* Supporting Files */,
			);
			path = Drink.ioTests;
			sourceTree = "<group>";
		};
		27421F7917FDE57E00B38156 /* Supporting Files */ = {
			isa = PBXGroup;
			children = (
				27421F7A17FDE57E00B38156 /* Drink.ioTests-Info.plist */,
				27421F7B17FDE57F00B38156 /* InfoPlist.strings */,
			);
			name = "Supporting Files";
			sourceTree = "<group>";
		};
		2742867F184109660014CB46 /* Patterns */ = {
			isa = PBXGroup;
			children = (
				2742868018410ADB0014CB46 /* RUPatternsViewController.h */,
				2742868118410ADB0014CB46 /* RUPatternsViewController.m */,
				2742868318410C5F0014CB46 /* RUBarPatternViewController.h */,
				2742868418410C5F0014CB46 /* RUBarPatternViewController.m */,
				2742868618410C6F0014CB46 /* RUBeerPatternViewController.h */,
				2742868718410C6F0014CB46 /* RUBeerPatternViewController.m */,
				2742868918410C810014CB46 /* RUPatternDetailViewController.h */,
				2742868A18410C810014CB46 /* RUPatternDetailViewController.m */,
				2742868C18410C980014CB46 /* RUFriendPatternViewController.h */,
				2742868D18410C980014CB46 /* RUFriendPatternViewController.m */,
			);
			name = Patterns;
			sourceTree = "<group>";
		};
		27A974BD183DA8D4009F1086 /* Structures */ = {
			isa = PBXGroup;
			children = (
				27A974BE183DA8E7009F1086 /* RUFriend.h */,
				27A974BF183DA8E7009F1086 /* RUFriend.m */,
				27A974C2183E6036009F1086 /* RUBeer.h */,
				27A974C3183E6036009F1086 /* RUBeer.m */,
				27A974C9183EE2C4009F1086 /* RUBar.h */,
				27A974CA183EE2C4009F1086 /* RUBar.m */,
			);
			name = Structures;
			sourceTree = "<group>";
		};
		27A974C1183E5A42009F1086 /* FMDB */ = {
			isa = PBXGroup;
			children = (
				274900BF183D51C700846E74 /* FMDatabase.h */,
				274900C0183D51C700846E74 /* FMDatabase.m */,
				274900C1183D51C700846E74 /* FMDatabaseAdditions.h */,
				274900C2183D51C700846E74 /* FMDatabaseAdditions.m */,
				274900C3183D51C700846E74 /* FMDatabasePool.h */,
				274900C4183D51C700846E74 /* FMDatabasePool.m */,
				274900C5183D51C700846E74 /* FMDatabaseQueue.h */,
				274900C6183D51C700846E74 /* FMDatabaseQueue.m */,
				274900C8183D51C700846E74 /* FMResultSet.h */,
				274900C9183D51C700846E74 /* FMResultSet.m */,
			);
			name = FMDB;
			sourceTree = "<group>";
		};
		27A974C5183E6316009F1086 /* Beers */ = {
			isa = PBXGroup;
			children = (
				27A974C6183E632D009F1086 /* RUBeerInsertController.h */,
				27A974C7183E632D009F1086 /* RUBeerInsertController.m */,
			);
			name = Beers;
			sourceTree = "<group>";
		};
		27AFC853183B13970042FB97 /* Local Bars View */ = {
			isa = PBXGroup;
			children = (
				27AFC84E183B0B7D0042FB97 /* default.gpx */,
				27AFC849183AE7510042FB97 /* RUDrinkAtViewController.h */,
				27AFC84A183AE7510042FB97 /* RUDrinkAtViewController.m */,
			);
			name = "Local Bars View";
			sourceTree = "<group>";
		};
		27AFC855183B13AE0042FB97 /* Friends View */ = {
			isa = PBXGroup;
			children = (
				27AFC841183AD6980042FB97 /* RUDrinkWithViewController.h */,
				27AFC842183AD6980042FB97 /* RUDrinkWithViewController.m */,
			);
			name = "Friends View";
			sourceTree = "<group>";
		};
		27AFC856183B13C30042FB97 /* End View */ = {
			isa = PBXGroup;
			children = (
				27AFC850183B138D0042FB97 /* RUDrinkNowViewController.h */,
				27AFC851183B138D0042FB97 /* RUDrinkNowViewController.m */,
			);
			name = "End View";
			sourceTree = "<group>";
		};
		27AFC857183B13D50042FB97 /* First View */ = {
			isa = PBXGroup;
			children = (
				2786D1BD18395C3E009E8F92 /* RUDWFRootViewController.h */,
				2786D1BE18395C3E009E8F92 /* RUDWFRootViewController.m */,
			);
			name = "First View";
			sourceTree = "<group>";
		};
		27AFC858183B13DE0042FB97 /* Database Stuff */ = {
			isa = PBXGroup;
			children = (
				274900D0183D526100846E74 /* RUDBManager.h */,
				274900D1183D526100846E74 /* RUDBManager.m */,
				27A974C1183E5A42009F1086 /* FMDB */,
				27AFC859183B1CC10042FB97 /* initializeDB.txt */,
			);
			name = "Database Stuff";
			sourceTree = "<group>";
		};
/* End PBXGroup section */

/* Begin PBXNativeTarget section */
		27421F5517FDE57E00B38156 /* Drink.io */ = {
			isa = PBXNativeTarget;
			buildConfigurationList = 27421F8217FDE57F00B38156 /* Build configuration list for PBXNativeTarget "Drink.io" */;
			buildPhases = (
				27421F5217FDE57E00B38156 /* Sources */,
				27421F5317FDE57E00B38156 /* Frameworks */,
				27421F5417FDE57E00B38156 /* Resources */,
			);
			buildRules = (
			);
			dependencies = (
			);
			name = Drink.io;
			productName = Drink.io;
			productReference = 27421F5617FDE57E00B38156 /* Drink.io.app */;
			productType = "com.apple.product-type.application";
		};
		27421F7017FDE57E00B38156 /* Drink.ioTests */ = {
			isa = PBXNativeTarget;
			buildConfigurationList = 27421F8517FDE57F00B38156 /* Build configuration list for PBXNativeTarget "Drink.ioTests" */;
			buildPhases = (
				27421F6D17FDE57E00B38156 /* Sources */,
				27421F6E17FDE57E00B38156 /* Frameworks */,
				27421F6F17FDE57E00B38156 /* Resources */,
			);
			buildRules = (
			);
			dependencies = (
				27421F7717FDE57E00B38156 /* PBXTargetDependency */,
			);
			name = Drink.ioTests;
			productName = Drink.ioTests;
			productReference = 27421F7117FDE57E00B38156 /* Drink.ioTests.xctest */;
			productType = "com.apple.product-type.bundle.unit-test";
		};
/* End PBXNativeTarget section */

/* Begin PBXProject section */
		27421F4E17FDE57E00B38156 /* Project object */ = {
			isa = PBXProject;
			attributes = {
				CLASSPREFIX = RU;
				LastUpgradeCheck = 0500;
				ORGANIZATIONNAME = "Principles of Informations and Data Management";
				TargetAttributes = {
					27421F5517FDE57E00B38156 = {
						DevelopmentTeam = 77A67CC8CK;
						SystemCapabilities = {
							com.apple.iOS = {
								enabled = 0;
							};
						};
					};
					27421F7017FDE57E00B38156 = {
						TestTargetID = 27421F5517FDE57E00B38156;
					};
				};
			};
			buildConfigurationList = 27421F5117FDE57E00B38156 /* Build configuration list for PBXProject "Drink.io" */;
			compatibilityVersion = "Xcode 3.2";
			developmentRegion = English;
			hasScannedForEncodings = 0;
			knownRegions = (
				en,
			);
			mainGroup = 27421F4D17FDE57E00B38156;
			productRefGroup = 27421F5717FDE57E00B38156 /* Products */;
			projectDirPath = "";
			projectRoot = "";
			targets = (
				27421F5517FDE57E00B38156 /* Drink.io */,
				27421F7017FDE57E00B38156 /* Drink.ioTests */,
			);
		};
/* End PBXProject section */

/* Begin PBXResourcesBuildPhase section */
		27421F5417FDE57E00B38156 /* Resources */ = {
			isa = PBXResourcesBuildPhase;
			buildActionMask = 2147483647;
			files = (
				27421F6417FDE57E00B38156 /* InfoPlist.strings in Resources */,
				27AFC84F183B0B7D0042FB97 /* default.gpx in Resources */,
				27AFC85A183B1CC10042FB97 /* initializeDB.txt in Resources */,
				27421F6C17FDE57E00B38156 /* Images.xcassets in Resources */,
				27DECA9C18200699004CDF52 /* Storyboard.storyboard in Resources */,
			);
			runOnlyForDeploymentPostprocessing = 0;
		};
		27421F6F17FDE57E00B38156 /* Resources */ = {
			isa = PBXResourcesBuildPhase;
			buildActionMask = 2147483647;
			files = (
				27421F7D17FDE57F00B38156 /* InfoPlist.strings in Resources */,
			);
			runOnlyForDeploymentPostprocessing = 0;
		};
/* End PBXResourcesBuildPhase section */

/* Begin PBXSourcesBuildPhase section */
		27421F5217FDE57E00B38156 /* Sources */ = {
			isa = PBXSourcesBuildPhase;
			buildActionMask = 2147483647;
			files = (
				27AFC843183AD6980042FB97 /* RUDrinkWithViewController.m in Sources */,
				2742868B18410C810014CB46 /* RUPatternDetailViewController.m in Sources */,
				2716CE3F183BD0BC00BCFBC4 /* RUBarInsertViewController.m in Sources */,
				274900D2183D526100846E74 /* RUDBManager.m in Sources */,
				2742868E18410C980014CB46 /* RUFriendPatternViewController.m in Sources */,
				274900CC183D51C700846E74 /* FMDatabasePool.m in Sources */,
				2742868518410C5F0014CB46 /* RUBarPatternViewController.m in Sources */,
				27A974CB183EE2C4009F1086 /* RUBar.m in Sources */,
				2742868818410C6F0014CB46 /* RUBeerPatternViewController.m in Sources */,
				27A974C0183DA8E7009F1086 /* RUFriend.m in Sources */,
				27A974C8183E632D009F1086 /* RUBeerInsertController.m in Sources */,
				274900CD183D51C700846E74 /* FMDatabaseQueue.m in Sources */,
				278E3CE8183F189B00E70764 /* RUBarDetailViewController.m in Sources */,
				2716CE3C183BD0AC00BCFBC4 /* RUFriendInsertViewController.m in Sources */,
				274900CF183D51C700846E74 /* FMResultSet.m in Sources */,
				2786D1BF18395C3E009E8F92 /* RUDWFRootViewController.m in Sources */,
				2742868218410ADB0014CB46 /* RUPatternsViewController.m in Sources */,
				27AFC84B183AE7510042FB97 /* RUDrinkAtViewController.m in Sources */,
				27421F6617FDE57E00B38156 /* main.m in Sources */,
				27AFC852183B138D0042FB97 /* RUDrinkNowViewController.m in Sources */,
				274900CA183D51C700846E74 /* FMDatabase.m in Sources */,
				27421F6A17FDE57E00B38156 /* RUAppDelegate.m in Sources */,
				27A974C4183E6036009F1086 /* RUBeer.m in Sources */,
				27C36D92183FAB1C00119480 /* RUFriendDetailViewController.m in Sources */,
				274900CB183D51C700846E74 /* FMDatabaseAdditions.m in Sources */,
			);
			runOnlyForDeploymentPostprocessing = 0;
		};
		27421F6D17FDE57E00B38156 /* Sources */ = {
			isa = PBXSourcesBuildPhase;
			buildActionMask = 2147483647;
			files = (
				27421F7F17FDE57F00B38156 /* Drink_ioTests.m in Sources */,
			);
			runOnlyForDeploymentPostprocessing = 0;
		};
/* End PBXSourcesBuildPhase section */

/* Begin PBXTargetDependency section */
		27421F7717FDE57E00B38156 /* PBXTargetDependency */ = {
			isa = PBXTargetDependency;
			target = 27421F5517FDE57E00B38156 /* Drink.io */;
			targetProxy = 27421F7617FDE57E00B38156 /* PBXContainerItemProxy */;
		};
/* End PBXTargetDependency section */

/* Begin PBXVariantGroup section */
		27421F6217FDE57E00B38156 /* InfoPlist.strings */ = {
			isa = PBXVariantGroup;
			children = (
				27421F6317FDE57E00B38156 /* en */,
			);
			name = InfoPlist.strings;
			sourceTree = "<group>";
		};
		27421F7B17FDE57F00B38156 /* InfoPlist.strings */ = {
			isa = PBXVariantGroup;
			children = (
				27421F7C17FDE57F00B38156 /* en */,
			);
			name = InfoPlist.strings;
			sourceTree = "<group>";
		};
/* End PBXVariantGroup section */

/* Begin XCBuildConfiguration section */
		27421F8017FDE57F00B38156 /* Debug */ = {
			isa = XCBuildConfiguration;
			buildSettings = {
				ALWAYS_SEARCH_USER_PATHS = NO;
				ARCHS = "$(ARCHS_STANDARD_INCLUDING_64_BIT)";
				CLANG_CXX_LANGUAGE_STANDARD = "gnu++0x";
				CLANG_CXX_LIBRARY = "libc++";
				CLANG_ENABLE_MODULES = YES;
				CLANG_ENABLE_OBJC_ARC = YES;
				CLANG_WARN_BOOL_CONVERSION = YES;
				CLANG_WARN_CONSTANT_CONVERSION = YES;
				CLANG_WARN_DIRECT_OBJC_ISA_USAGE = YES_ERROR;
				CLANG_WARN_EMPTY_BODY = YES;
				CLANG_WARN_ENUM_CONVERSION = YES;
				CLANG_WARN_INT_CONVERSION = YES;
				CLANG_WARN_OBJC_ROOT_CLASS = YES_ERROR;
				CLANG_WARN__DUPLICATE_METHOD_MATCH = YES;
				"CODE_SIGN_IDENTITY[sdk=iphoneos*]" = "iPhone Developer";
				COPY_PHASE_STRIP = NO;
				GCC_C_LANGUAGE_STANDARD = gnu99;
				GCC_DYNAMIC_NO_PIC = NO;
				GCC_OPTIMIZATION_LEVEL = 0;
				GCC_PREPROCESSOR_DEFINITIONS = (
					"DEBUG=1",
					"$(inherited)",
				);
				GCC_SYMBOLS_PRIVATE_EXTERN = NO;
				GCC_WARN_64_TO_32_BIT_CONVERSION = YES;
				GCC_WARN_ABOUT_RETURN_TYPE = YES_ERROR;
				GCC_WARN_UNDECLARED_SELECTOR = YES;
				GCC_WARN_UNINITIALIZED_AUTOS = YES;
				GCC_WARN_UNUSED_FUNCTION = YES;
				GCC_WARN_UNUSED_VARIABLE = YES;
				IPHONEOS_DEPLOYMENT_TARGET = 7.0;
				ONLY_ACTIVE_ARCH = YES;
				SDKROOT = iphoneos;
				TARGETED_DEVICE_FAMILY = "1,2";
			};
			name = Debug;
		};
		27421F8117FDE57F00B38156 /* Release */ = {
			isa = XCBuildConfiguration;
			buildSettings = {
				ALWAYS_SEARCH_USER_PATHS = NO;
				ARCHS = "$(ARCHS_STANDARD_INCLUDING_64_BIT)";
				CLANG_CXX_LANGUAGE_STANDARD = "gnu++0x";
				CLANG_CXX_LIBRARY = "libc++";
				CLANG_ENABLE_MODULES = YES;
				CLANG_ENABLE_OBJC_ARC = YES;
				CLANG_WARN_BOOL_CONVERSION = YES;
				CLANG_WARN_CONSTANT_CONVERSION = YES;
				CLANG_WARN_DIRECT_OBJC_ISA_USAGE = YES_ERROR;
				CLANG_WARN_EMPTY_BODY = YES;
				CLANG_WARN_ENUM_CONVERSION = YES;
				CLANG_WARN_INT_CONVERSION = YES;
				CLANG_WARN_OBJC_ROOT_CLASS = YES_ERROR;
				CLANG_WARN__DUPLICATE_METHOD_MATCH = YES;
				"CODE_SIGN_IDENTITY[sdk=iphoneos*]" = "iPhone Developer";
				COPY_PHASE_STRIP = YES;
				ENABLE_NS_ASSERTIONS = NO;
				GCC_C_LANGUAGE_STANDARD = gnu99;
				GCC_WARN_64_TO_32_BIT_CONVERSION = YES;
				GCC_WARN_ABOUT_RETURN_TYPE = YES_ERROR;
				GCC_WARN_UNDECLARED_SELECTOR = YES;
				GCC_WARN_UNINITIALIZED_AUTOS = YES;
				GCC_WARN_UNUSED_FUNCTION = YES;
				GCC_WARN_UNUSED_VARIABLE = YES;
				IPHONEOS_DEPLOYMENT_TARGET = 7.0;
				SDKROOT = iphoneos;
				TARGETED_DEVICE_FAMILY = "1,2";
				VALIDATE_PRODUCT = YES;
			};
			name = Release;
		};
		27421F8317FDE57F00B38156 /* Debug */ = {
			isa = XCBuildConfiguration;
			buildSettings = {
				ASSETCATALOG_COMPILER_APPICON_NAME = AppIcon;
				ASSETCATALOG_COMPILER_LAUNCHIMAGE_NAME = LaunchImage;
				CODE_SIGN_IDENTITY = "iPhone Developer";
				"CODE_SIGN_IDENTITY[sdk=iphoneos*]" = "iPhone Developer";
				GCC_PRECOMPILE_PREFIX_HEADER = YES;
				GCC_PREFIX_HEADER = "Drink.io/Drink.io-Prefix.pch";
				INFOPLIST_FILE = "Drink.io/Drink.io-Info.plist";
				PRODUCT_NAME = "$(TARGET_NAME)";
				PROVISIONING_PROFILE = "";
				WRAPPER_EXTENSION = app;
			};
			name = Debug;
		};
		27421F8417FDE57F00B38156 /* Release */ = {
			isa = XCBuildConfiguration;
			buildSettings = {
				ASSETCATALOG_COMPILER_APPICON_NAME = AppIcon;
				ASSETCATALOG_COMPILER_LAUNCHIMAGE_NAME = LaunchImage;
				CODE_SIGN_IDENTITY = "iPhone Developer";
				"CODE_SIGN_IDENTITY[sdk=iphoneos*]" = "iPhone Developer";
				GCC_PRECOMPILE_PREFIX_HEADER = YES;
				GCC_PREFIX_HEADER = "Drink.io/Drink.io-Prefix.pch";
				INFOPLIST_FILE = "Drink.io/Drink.io-Info.plist";
				PRODUCT_NAME = "$(TARGET_NAME)";
				PROVISIONING_PROFILE = "";
				WRAPPER_EXTENSION = app;
			};
			name = Release;
		};
		27421F8617FDE57F00B38156 /* Debug */ = {
			isa = XCBuildConfiguration;
			buildSettings = {
				ARCHS = "$(ARCHS_STANDARD_INCLUDING_64_BIT)";
				BUNDLE_LOADER = "$(BUILT_PRODUCTS_DIR)/Drink.io.app/Drink.io";
				FRAMEWORK_SEARCH_PATHS = (
					"$(SDKROOT)/Developer/Library/Frameworks",
					"$(inherited)",
					"$(DEVELOPER_FRAMEWORKS_DIR)",
				);
				GCC_PRECOMPILE_PREFIX_HEADER = YES;
				GCC_PREFIX_HEADER = "Drink.io/Drink.io-Prefix.pch";
				GCC_PREPROCESSOR_DEFINITIONS = (
					"DEBUG=1",
					"$(inherited)",
				);
				INFOPLIST_FILE = "Drink.ioTests/Drink.ioTests-Info.plist";
				PRODUCT_NAME = "$(TARGET_NAME)";
				TEST_HOST = "$(BUNDLE_LOADER)";
				WRAPPER_EXTENSION = xctest;
			};
			name = Debug;
		};
		27421F8717FDE57F00B38156 /* Release */ = {
			isa = XCBuildConfiguration;
			buildSettings = {
				ARCHS = "$(ARCHS_STANDARD_INCLUDING_64_BIT)";
				BUNDLE_LOADER = "$(BUILT_PRODUCTS_DIR)/Drink.io.app/Drink.io";
				FRAMEWORK_SEARCH_PATHS = (
					"$(SDKROOT)/Developer/Library/Frameworks",
					"$(inherited)",
					"$(DEVELOPER_FRAMEWORKS_DIR)",
				);
				GCC_PRECOMPILE_PREFIX_HEADER = YES;
				GCC_PREFIX_HEADER = "Drink.io/Drink.io-Prefix.pch";
				INFOPLIST_FILE = "Drink.ioTests/Drink.ioTests-Info.plist";
				PRODUCT_NAME = "$(TARGET_NAME)";
				TEST_HOST = "$(BUNDLE_LOADER)";
				WRAPPER_EXTENSION = xctest;
			};
			name = Release;
		};
/* End XCBuildConfiguration section */

/* Begin XCConfigurationList section */
		27421F5117FDE57E00B38156 /* Build configuration list for PBXProject "Drink.io" */ = {
			isa = XCConfigurationList;
			buildConfigurations = (
				27421F8017FDE57F00B38156 /* Debug */,
				27421F8117FDE57F00B38156 /* Release */,
			);
			defaultConfigurationIsVisible = 0;
			defaultConfigurationName = Release;
		};
		27421F8217FDE57F00B38156 /* Build configuration list for PBXNativeTarget "Drink.io" */ = {
			isa = XCConfigurationList;
			buildConfigurations = (
				27421F8317FDE57F00B38156 /* Debug */,
				27421F8417FDE57F00B38156 /* Release */,
			);
			defaultConfigurationIsVisible = 0;
			defaultConfigurationName = Release;
		};
		27421F8517FDE57F00B38156 /* Build configuration list for PBXNativeTarget "Drink.ioTests" */ = {
			isa = XCConfigurationList;
			buildConfigurations = (
				27421F8617FDE57F00B38156 /* Debug */,
				27421F8717FDE57F00B38156 /* Release */,
			);
			defaultConfigurationIsVisible = 0;
			defaultConfigurationName = Release;
		};
/* End XCConfigurationList section */
	};
	rootObject = 27421F4E17FDE57E00B38156 /* Project object */;
}
